// !$*UTF8*$!
{
	archiveVersion = 1;
	classes = {
	};
	objectVersion = 56;
	objects = {

/* Begin PBXBuildFile section */
		8D027B7029AA0A740058FD32 /* Extension.swift in Sources */ = {isa = PBXBuildFile; fileRef = 8D027B6F29AA0A740058FD32 /* Extension.swift */; };
		8D027B7229AA17EB0058FD32 /* CustomTabbar.swift in Sources */ = {isa = PBXBuildFile; fileRef = 8D027B7129AA17EB0058FD32 /* CustomTabbar.swift */; };
		8D027B7629AA41D40058FD32 /* StatusBtnTableViewCell.swift in Sources */ = {isa = PBXBuildFile; fileRef = 8D027B7529AA41D40058FD32 /* StatusBtnTableViewCell.swift */; };
		8D5132A229A8D4DF002DDB22 /* LogIn.storyboard in Resources */ = {isa = PBXBuildFile; fileRef = 8D5132A029A8D4DF002DDB22 /* LogIn.storyboard */; };
		8D5132A429A8D5C7002DDB22 /* Main.storyboard in Resources */ = {isa = PBXBuildFile; fileRef = 8D5132A329A8D5C7002DDB22 /* Main.storyboard */; };
		8D5132A829A8DB30002DDB22 /* DiscoverViewController.swift in Sources */ = {isa = PBXBuildFile; fileRef = 8D5132A729A8DB2F002DDB22 /* DiscoverViewController.swift */; };
		8D5132B029A8FB69002DDB22 /* RecordStatusTableViewController.swift in Sources */ = {isa = PBXBuildFile; fileRef = 8D5132AF29A8FB69002DDB22 /* RecordStatusTableViewController.swift */; };
		8D5132B429A905B9002DDB22 /* RecordListTableViewController.swift in Sources */ = {isa = PBXBuildFile; fileRef = 8D5132B329A905B9002DDB22 /* RecordListTableViewController.swift */; };
		8D779FC829A4A4CC00894357 /* AppDelegate.swift in Sources */ = {isa = PBXBuildFile; fileRef = 8D779FC729A4A4CC00894357 /* AppDelegate.swift */; };
		8D779FCA29A4A4CC00894357 /* SceneDelegate.swift in Sources */ = {isa = PBXBuildFile; fileRef = 8D779FC929A4A4CC00894357 /* SceneDelegate.swift */; };
		8D779FD129A4A4CD00894357 /* Assets.xcassets in Resources */ = {isa = PBXBuildFile; fileRef = 8D779FD029A4A4CD00894357 /* Assets.xcassets */; };
		8D779FD429A4A4CD00894357 /* LaunchScreen.storyboard in Resources */ = {isa = PBXBuildFile; fileRef = 8D779FD229A4A4CD00894357 /* LaunchScreen.storyboard */; };
		8D779FDC29A4A56E00894357 /* GoogleService-Info.plist in Resources */ = {isa = PBXBuildFile; fileRef = 8D779FDB29A4A56E00894357 /* GoogleService-Info.plist */; };
		8D779FDF29A4A74900894357 /* FirebaseAuth in Frameworks */ = {isa = PBXBuildFile; productRef = 8D779FDE29A4A74900894357 /* FirebaseAuth */; };
		8D779FE129A4A74900894357 /* FirebaseFirestoreSwift in Frameworks */ = {isa = PBXBuildFile; productRef = 8D779FE029A4A74900894357 /* FirebaseFirestoreSwift */; };
		8D779FE329A4A74900894357 /* FirebaseStorage in Frameworks */ = {isa = PBXBuildFile; productRef = 8D779FE229A4A74900894357 /* FirebaseStorage */; };
		8D779FE529A60F4100894357 /* SignInViewController.swift in Sources */ = {isa = PBXBuildFile; fileRef = 8D779FE429A60F4100894357 /* SignInViewController.swift */; };
		8D779FE729A616F100894357 /* AllLogInViewController.swift in Sources */ = {isa = PBXBuildFile; fileRef = 8D779FE629A616F100894357 /* AllLogInViewController.swift */; };
		8D796CA029A75997003782F4 /* Greeting.swift in Sources */ = {isa = PBXBuildFile; fileRef = 8D796C9F29A75997003782F4 /* Greeting.swift */; };
		8D796CA329A7681F003782F4 /* FacebookLogin in Frameworks */ = {isa = PBXBuildFile; productRef = 8D796CA229A7681F003782F4 /* FacebookLogin */; };
		8D796CA729A778BD003782F4 /* GoogleSignIn in Frameworks */ = {isa = PBXBuildFile; productRef = 8D796CA629A778BD003782F4 /* GoogleSignIn */; };
		8D85DC4029C5B98200F44B24 /* MyMigraineDiary.xcdatamodeld in Sources */ = {isa = PBXBuildFile; fileRef = 8D85DC3E29C5B98200F44B24 /* MyMigraineDiary.xcdatamodeld */; };
		8D98DEF629B9D71700A38975 /* ColorSet Enum.swift in Sources */ = {isa = PBXBuildFile; fileRef = 8D98DEF529B9D71700A38975 /* ColorSet Enum.swift */; };
		8DA9049B29AF0CF8009063DF /* RecordTableViewCell.swift in Sources */ = {isa = PBXBuildFile; fileRef = 8DA9049A29AF0CF8009063DF /* RecordTableViewCell.swift */; };
		8DA904A029B484D1009063DF /* Article Controller.swift in Sources */ = {isa = PBXBuildFile; fileRef = 8DA9049F29B484D1009063DF /* Article Controller.swift */; };
		8DA904A229B4882F009063DF /* Article Struct.swift in Sources */ = {isa = PBXBuildFile; fileRef = 8DA904A129B4882F009063DF /* Article Struct.swift */; };
		8DA904A429B49AE8009063DF /* NetworkError.swift in Sources */ = {isa = PBXBuildFile; fileRef = 8DA904A329B49AE8009063DF /* NetworkError.swift */; };
		8DB2329929B6E2CB002C4ECD /* WebViewController.swift in Sources */ = {isa = PBXBuildFile; fileRef = 8DB2329829B6E2CB002C4ECD /* WebViewController.swift */; };
		8DC4274D29B70EE400514D99 /* Charts in Frameworks */ = {isa = PBXBuildFile; productRef = 8DC4274C29B70EE400514D99 /* Charts */; };
		8DC4274F29B740B500514D99 /* chart.swift in Sources */ = {isa = PBXBuildFile; fileRef = 8DC4274E29B740B500514D99 /* chart.swift */; };
		8DFECD4029A9E99D00A99CC5 /* RecordStatusWording.swift in Sources */ = {isa = PBXBuildFile; fileRef = 8DFECD3F29A9E99D00A99CC5 /* RecordStatusWording.swift */; };
/* End PBXBuildFile section */

/* Begin PBXFileReference section */
		8D027B6F29AA0A740058FD32 /* Extension.swift */ = {isa = PBXFileReference; lastKnownFileType = sourcecode.swift; path = Extension.swift; sourceTree = "<group>"; };
		8D027B7129AA17EB0058FD32 /* CustomTabbar.swift */ = {isa = PBXFileReference; lastKnownFileType = sourcecode.swift; path = CustomTabbar.swift; sourceTree = "<group>"; };
		8D027B7529AA41D40058FD32 /* StatusBtnTableViewCell.swift */ = {isa = PBXFileReference; lastKnownFileType = sourcecode.swift; path = StatusBtnTableViewCell.swift; sourceTree = "<group>"; };
		8D5132A129A8D4DF002DDB22 /* Base */ = {isa = PBXFileReference; lastKnownFileType = file.storyboard; name = Base; path = "My Migraine Diary/Base.lproj/LogIn.storyboard"; sourceTree = "<group>"; };
		8D5132A329A8D5C7002DDB22 /* Main.storyboard */ = {isa = PBXFileReference; lastKnownFileType = file.storyboard; path = Main.storyboard; sourceTree = "<group>"; };
		8D5132A729A8DB2F002DDB22 /* DiscoverViewController.swift */ = {isa = PBXFileReference; lastKnownFileType = sourcecode.swift; path = DiscoverViewController.swift; sourceTree = "<group>"; };
		8D5132AF29A8FB69002DDB22 /* RecordStatusTableViewController.swift */ = {isa = PBXFileReference; lastKnownFileType = sourcecode.swift; path = RecordStatusTableViewController.swift; sourceTree = "<group>"; };
		8D5132B329A905B9002DDB22 /* RecordListTableViewController.swift */ = {isa = PBXFileReference; lastKnownFileType = sourcecode.swift; path = RecordListTableViewController.swift; sourceTree = "<group>"; };
		8D779FC429A4A4CC00894357 /* My Migraine Diary.app */ = {isa = PBXFileReference; explicitFileType = wrapper.application; includeInIndex = 0; path = "My Migraine Diary.app"; sourceTree = BUILT_PRODUCTS_DIR; };
		8D779FC729A4A4CC00894357 /* AppDelegate.swift */ = {isa = PBXFileReference; lastKnownFileType = sourcecode.swift; path = AppDelegate.swift; sourceTree = "<group>"; };
		8D779FC929A4A4CC00894357 /* SceneDelegate.swift */ = {isa = PBXFileReference; lastKnownFileType = sourcecode.swift; path = SceneDelegate.swift; sourceTree = "<group>"; };
		8D779FD029A4A4CD00894357 /* Assets.xcassets */ = {isa = PBXFileReference; lastKnownFileType = folder.assetcatalog; path = Assets.xcassets; sourceTree = "<group>"; };
		8D779FD329A4A4CD00894357 /* Base */ = {isa = PBXFileReference; lastKnownFileType = file.storyboard; name = Base; path = Base.lproj/LaunchScreen.storyboard; sourceTree = "<group>"; };
		8D779FD529A4A4CD00894357 /* Info.plist */ = {isa = PBXFileReference; lastKnownFileType = text.plist.xml; path = Info.plist; sourceTree = "<group>"; };
		8D779FDB29A4A56E00894357 /* GoogleService-Info.plist */ = {isa = PBXFileReference; fileEncoding = 4; lastKnownFileType = text.plist.xml; path = "GoogleService-Info.plist"; sourceTree = "<group>"; };
		8D779FE429A60F4100894357 /* SignInViewController.swift */ = {isa = PBXFileReference; lastKnownFileType = sourcecode.swift; path = SignInViewController.swift; sourceTree = "<group>"; };
		8D779FE629A616F100894357 /* AllLogInViewController.swift */ = {isa = PBXFileReference; lastKnownFileType = sourcecode.swift; path = AllLogInViewController.swift; sourceTree = "<group>"; };
		8D796C9F29A75997003782F4 /* Greeting.swift */ = {isa = PBXFileReference; lastKnownFileType = sourcecode.swift; path = Greeting.swift; sourceTree = "<group>"; };
		8D796CA429A77504003782F4 /* My Migraine Diary.entitlements */ = {isa = PBXFileReference; lastKnownFileType = text.plist.entitlements; path = "My Migraine Diary.entitlements"; sourceTree = "<group>"; };
		8D85DC3F29C5B98200F44B24 /* MyMigraineDiary.xcdatamodel */ = {isa = PBXFileReference; lastKnownFileType = wrapper.xcdatamodel; path = MyMigraineDiary.xcdatamodel; sourceTree = "<group>"; };
		8D98DEF529B9D71700A38975 /* ColorSet Enum.swift */ = {isa = PBXFileReference; lastKnownFileType = sourcecode.swift; path = "ColorSet Enum.swift"; sourceTree = "<group>"; };
		8DA9049A29AF0CF8009063DF /* RecordTableViewCell.swift */ = {isa = PBXFileReference; lastKnownFileType = sourcecode.swift; path = RecordTableViewCell.swift; sourceTree = "<group>"; };
		8DA9049F29B484D1009063DF /* Article Controller.swift */ = {isa = PBXFileReference; lastKnownFileType = sourcecode.swift; path = "Article Controller.swift"; sourceTree = "<group>"; };
		8DA904A129B4882F009063DF /* Article Struct.swift */ = {isa = PBXFileReference; lastKnownFileType = sourcecode.swift; path = "Article Struct.swift"; sourceTree = "<group>"; };
		8DA904A329B49AE8009063DF /* NetworkError.swift */ = {isa = PBXFileReference; fileEncoding = 4; lastKnownFileType = sourcecode.swift; path = NetworkError.swift; sourceTree = "<group>"; };
		8DB2329829B6E2CB002C4ECD /* WebViewController.swift */ = {isa = PBXFileReference; lastKnownFileType = sourcecode.swift; path = WebViewController.swift; sourceTree = "<group>"; };
		8DC4274E29B740B500514D99 /* chart.swift */ = {isa = PBXFileReference; lastKnownFileType = sourcecode.swift; path = chart.swift; sourceTree = "<group>"; };
		8DFECD3F29A9E99D00A99CC5 /* RecordStatusWording.swift */ = {isa = PBXFileReference; lastKnownFileType = sourcecode.swift; path = RecordStatusWording.swift; sourceTree = "<group>"; };
/* End PBXFileReference section */

/* Begin PBXFrameworksBuildPhase section */
		8D779FC129A4A4CC00894357 /* Frameworks */ = {
			isa = PBXFrameworksBuildPhase;
			buildActionMask = 2147483647;
			files = (
				8D796CA729A778BD003782F4 /* GoogleSignIn in Frameworks */,
				8DC4274D29B70EE400514D99 /* Charts in Frameworks */,
				8D796CA329A7681F003782F4 /* FacebookLogin in Frameworks */,
				8D779FDF29A4A74900894357 /* FirebaseAuth in Frameworks */,
				8D779FE129A4A74900894357 /* FirebaseFirestoreSwift in Frameworks */,
				8D779FE329A4A74900894357 /* FirebaseStorage in Frameworks */,
			);
			runOnlyForDeploymentPostprocessing = 0;
		};
/* End PBXFrameworksBuildPhase section */

/* Begin PBXGroup section */
		8D779FBB29A4A4CC00894357 = {
			isa = PBXGroup;
			children = (
				8D779FC629A4A4CC00894357 /* My Migraine Diary */,
				8D779FC529A4A4CC00894357 /* Products */,
			);
			sourceTree = "<group>";
		};
		8D779FC529A4A4CC00894357 /* Products */ = {
			isa = PBXGroup;
			children = (
				8D779FC429A4A4CC00894357 /* My Migraine Diary.app */,
			);
			name = Products;
			sourceTree = "<group>";
		};
		8D779FC629A4A4CC00894357 /* My Migraine Diary */ = {
			isa = PBXGroup;
			children = (
				8D98DEF429B9925A00A38975 /* Model */,
				8D98DEF329B9924400A38975 /* View */,
				8D98DEF229B9922F00A38975 /* Other Controller */,
				8D98DEF129B991F900A38975 /* View Controller */,
				8D5132A329A8D5C7002DDB22 /* Main.storyboard */,
				8D779FD229A4A4CD00894357 /* LaunchScreen.storyboard */,
				8D5132A029A8D4DF002DDB22 /* LogIn.storyboard */,
				8D796CA429A77504003782F4 /* My Migraine Diary.entitlements */,
				8D779FC729A4A4CC00894357 /* AppDelegate.swift */,
				8D779FC929A4A4CC00894357 /* SceneDelegate.swift */,
				8D779FD029A4A4CD00894357 /* Assets.xcassets */,
				8D779FD529A4A4CD00894357 /* Info.plist */,
				8D779FDB29A4A56E00894357 /* GoogleService-Info.plist */,
				8D85DC3E29C5B98200F44B24 /* MyMigraineDiary.xcdatamodeld */,
			);
			path = "My Migraine Diary";
			sourceTree = "<group>";
		};
		8D98DEF129B991F900A38975 /* View Controller */ = {
			isa = PBXGroup;
			children = (
				8DB2329829B6E2CB002C4ECD /* WebViewController.swift */,
				8D5132B329A905B9002DDB22 /* RecordListTableViewController.swift */,
				8D5132AF29A8FB69002DDB22 /* RecordStatusTableViewController.swift */,
				8D5132A729A8DB2F002DDB22 /* DiscoverViewController.swift */,
				8D779FE629A616F100894357 /* AllLogInViewController.swift */,
				8D779FE429A60F4100894357 /* SignInViewController.swift */,
			);
			path = "View Controller";
			sourceTree = "<group>";
		};
		8D98DEF229B9922F00A38975 /* Other Controller */ = {
			isa = PBXGroup;
			children = (
				8DA9049F29B484D1009063DF /* Article Controller.swift */,
			);
			path = "Other Controller";
			sourceTree = "<group>";
		};
		8D98DEF329B9924400A38975 /* View */ = {
			isa = PBXGroup;
			children = (
				8D027B7129AA17EB0058FD32 /* CustomTabbar.swift */,
				8D027B7529AA41D40058FD32 /* StatusBtnTableViewCell.swift */,
				8DA9049A29AF0CF8009063DF /* RecordTableViewCell.swift */,
			);
			path = View;
			sourceTree = "<group>";
		};
		8D98DEF429B9925A00A38975 /* Model */ = {
			isa = PBXGroup;
			children = (
				8D98DEF529B9D71700A38975 /* ColorSet Enum.swift */,
				8D027B6F29AA0A740058FD32 /* Extension.swift */,
				8DA904A329B49AE8009063DF /* NetworkError.swift */,
				8DC4274E29B740B500514D99 /* chart.swift */,
				8DA904A129B4882F009063DF /* Article Struct.swift */,
				8DFECD3F29A9E99D00A99CC5 /* RecordStatusWording.swift */,
				8D796C9F29A75997003782F4 /* Greeting.swift */,
			);
			path = Model;
			sourceTree = "<group>";
		};
/* End PBXGroup section */

/* Begin PBXNativeTarget section */
		8D779FC329A4A4CC00894357 /* My Migraine Diary */ = {
			isa = PBXNativeTarget;
			buildConfigurationList = 8D779FD829A4A4CD00894357 /* Build configuration list for PBXNativeTarget "My Migraine Diary" */;
			buildPhases = (
				8D779FC029A4A4CC00894357 /* Sources */,
				8D779FC129A4A4CC00894357 /* Frameworks */,
				8D779FC229A4A4CC00894357 /* Resources */,
			);
			buildRules = (
			);
			dependencies = (
			);
			name = "My Migraine Diary";
			packageProductDependencies = (
				8D779FDE29A4A74900894357 /* FirebaseAuth */,
				8D779FE029A4A74900894357 /* FirebaseFirestoreSwift */,
				8D779FE229A4A74900894357 /* FirebaseStorage */,
				8D796CA229A7681F003782F4 /* FacebookLogin */,
				8D796CA629A778BD003782F4 /* GoogleSignIn */,
				8DC4274C29B70EE400514D99 /* Charts */,
			);
			productName = "My Migraine Diary";
			productReference = 8D779FC429A4A4CC00894357 /* My Migraine Diary.app */;
			productType = "com.apple.product-type.application";
		};
/* End PBXNativeTarget section */

/* Begin PBXProject section */
		8D779FBC29A4A4CC00894357 /* Project object */ = {
			isa = PBXProject;
			attributes = {
				BuildIndependentTargetsInParallel = 1;
				LastSwiftUpdateCheck = 1420;
				LastUpgradeCheck = 1420;
				TargetAttributes = {
					8D779FC329A4A4CC00894357 = {
						CreatedOnToolsVersion = 14.2;
					};
				};
			};
			buildConfigurationList = 8D779FBF29A4A4CC00894357 /* Build configuration list for PBXProject "My Migraine Diary" */;
			compatibilityVersion = "Xcode 14.0";
			developmentRegion = en;
			hasScannedForEncodings = 0;
			knownRegions = (
				en,
				Base,
			);
			mainGroup = 8D779FBB29A4A4CC00894357;
			packageReferences = (
				8D779FDD29A4A74900894357 /* XCRemoteSwiftPackageReference "firebase-ios-sdk" */,
				8D796CA129A7681F003782F4 /* XCRemoteSwiftPackageReference "facebook-ios-sdk" */,
				8D796CA529A778BD003782F4 /* XCRemoteSwiftPackageReference "GoogleSignIn-iOS" */,
				8DC4274B29B70EE400514D99 /* XCRemoteSwiftPackageReference "Charts" */,
			);
			productRefGroup = 8D779FC529A4A4CC00894357 /* Products */;
			projectDirPath = "";
			projectRoot = "";
			targets = (
				8D779FC329A4A4CC00894357 /* My Migraine Diary */,
			);
		};
/* End PBXProject section */

/* Begin PBXResourcesBuildPhase section */
		8D779FC229A4A4CC00894357 /* Resources */ = {
			isa = PBXResourcesBuildPhase;
			buildActionMask = 2147483647;
			files = (
				8D779FD429A4A4CD00894357 /* LaunchScreen.storyboard in Resources */,
				8D5132A429A8D5C7002DDB22 /* Main.storyboard in Resources */,
				8D779FDC29A4A56E00894357 /* GoogleService-Info.plist in Resources */,
				8D779FD129A4A4CD00894357 /* Assets.xcassets in Resources */,
				8D5132A229A8D4DF002DDB22 /* LogIn.storyboard in Resources */,
			);
			runOnlyForDeploymentPostprocessing = 0;
		};
/* End PBXResourcesBuildPhase section */

/* Begin PBXSourcesBuildPhase section */
		8D779FC029A4A4CC00894357 /* Sources */ = {
			isa = PBXSourcesBuildPhase;
			buildActionMask = 2147483647;
			files = (
				8DA904A429B49AE8009063DF /* NetworkError.swift in Sources */,
				8DB2329929B6E2CB002C4ECD /* WebViewController.swift in Sources */,
				8D027B7629AA41D40058FD32 /* StatusBtnTableViewCell.swift in Sources */,
				8DA904A029B484D1009063DF /* Article Controller.swift in Sources */,
				8D027B7229AA17EB0058FD32 /* CustomTabbar.swift in Sources */,
				8DA9049B29AF0CF8009063DF /* RecordTableViewCell.swift in Sources */,
				8D027B7029AA0A740058FD32 /* Extension.swift in Sources */,
				8D5132B429A905B9002DDB22 /* RecordListTableViewController.swift in Sources */,
				8D779FE729A616F100894357 /* AllLogInViewController.swift in Sources */,
				8DA904A229B4882F009063DF /* Article Struct.swift in Sources */,
				8DFECD4029A9E99D00A99CC5 /* RecordStatusWording.swift in Sources */,
				8D5132B029A8FB69002DDB22 /* RecordStatusTableViewController.swift in Sources */,
				8D85DC4029C5B98200F44B24 /* MyMigraineDiary.xcdatamodeld in Sources */,
				8D779FC829A4A4CC00894357 /* AppDelegate.swift in Sources */,
				8D779FE529A60F4100894357 /* SignInViewController.swift in Sources */,
				8D98DEF629B9D71700A38975 /* ColorSet Enum.swift in Sources */,
				8DC4274F29B740B500514D99 /* chart.swift in Sources */,
				8D5132A829A8DB30002DDB22 /* DiscoverViewController.swift in Sources */,
				8D796CA029A75997003782F4 /* Greeting.swift in Sources */,
				8D779FCA29A4A4CC00894357 /* SceneDelegate.swift in Sources */,
			);
			runOnlyForDeploymentPostprocessing = 0;
		};
/* End PBXSourcesBuildPhase section */

/* Begin PBXVariantGroup section */
		8D5132A029A8D4DF002DDB22 /* LogIn.storyboard */ = {
			isa = PBXVariantGroup;
			children = (
				8D5132A129A8D4DF002DDB22 /* Base */,
			);
			name = LogIn.storyboard;
			sourceTree = "<group>";
		};
		8D779FD229A4A4CD00894357 /* LaunchScreen.storyboard */ = {
			isa = PBXVariantGroup;
			children = (
				8D779FD329A4A4CD00894357 /* Base */,
			);
			name = LaunchScreen.storyboard;
			sourceTree = "<group>";
		};
/* End PBXVariantGroup section */

/* Begin XCBuildConfiguration section */
		8D779FD629A4A4CD00894357 /* Debug */ = {
			isa = XCBuildConfiguration;
			buildSettings = {
				ALWAYS_SEARCH_USER_PATHS = NO;
				CLANG_ANALYZER_NONNULL = YES;
				CLANG_ANALYZER_NUMBER_OBJECT_CONVERSION = YES_AGGRESSIVE;
				CLANG_CXX_LANGUAGE_STANDARD = "gnu++20";
				CLANG_ENABLE_MODULES = YES;
				CLANG_ENABLE_OBJC_ARC = YES;
				CLANG_ENABLE_OBJC_WEAK = YES;
				CLANG_WARN_BLOCK_CAPTURE_AUTORELEASING = YES;
				CLANG_WARN_BOOL_CONVERSION = YES;
				CLANG_WARN_COMMA = YES;
				CLANG_WARN_CONSTANT_CONVERSION = YES;
				CLANG_WARN_DEPRECATED_OBJC_IMPLEMENTATIONS = YES;
				CLANG_WARN_DIRECT_OBJC_ISA_USAGE = YES_ERROR;
				CLANG_WARN_DOCUMENTATION_COMMENTS = YES;
				CLANG_WARN_EMPTY_BODY = YES;
				CLANG_WARN_ENUM_CONVERSION = YES;
				CLANG_WARN_INFINITE_RECURSION = YES;
				CLANG_WARN_INT_CONVERSION = YES;
				CLANG_WARN_NON_LITERAL_NULL_CONVERSION = YES;
				CLANG_WARN_OBJC_IMPLICIT_RETAIN_SELF = YES;
				CLANG_WARN_OBJC_LITERAL_CONVERSION = YES;
				CLANG_WARN_OBJC_ROOT_CLASS = YES_ERROR;
				CLANG_WARN_QUOTED_INCLUDE_IN_FRAMEWORK_HEADER = YES;
				CLANG_WARN_RANGE_LOOP_ANALYSIS = YES;
				CLANG_WARN_STRICT_PROTOTYPES = YES;
				CLANG_WARN_SUSPICIOUS_MOVE = YES;
				CLANG_WARN_UNGUARDED_AVAILABILITY = YES_AGGRESSIVE;
				CLANG_WARN_UNREACHABLE_CODE = YES;
				CLANG_WARN__DUPLICATE_METHOD_MATCH = YES;
				COPY_PHASE_STRIP = NO;
				DEBUG_INFORMATION_FORMAT = dwarf;
				ENABLE_STRICT_OBJC_MSGSEND = YES;
				ENABLE_TESTABILITY = YES;
				GCC_C_LANGUAGE_STANDARD = gnu11;
				GCC_DYNAMIC_NO_PIC = NO;
				GCC_NO_COMMON_BLOCKS = YES;
				GCC_OPTIMIZATION_LEVEL = 0;
				GCC_PREPROCESSOR_DEFINITIONS = (
					"DEBUG=1",
					"$(inherited)",
				);
				GCC_WARN_64_TO_32_BIT_CONVERSION = YES;
				GCC_WARN_ABOUT_RETURN_TYPE = YES_ERROR;
				GCC_WARN_UNDECLARED_SELECTOR = YES;
				GCC_WARN_UNINITIALIZED_AUTOS = YES_AGGRESSIVE;
				GCC_WARN_UNUSED_FUNCTION = YES;
				GCC_WARN_UNUSED_VARIABLE = YES;
				IPHONEOS_DEPLOYMENT_TARGET = 15.0;
				MTL_ENABLE_DEBUG_INFO = INCLUDE_SOURCE;
				MTL_FAST_MATH = YES;
				ONLY_ACTIVE_ARCH = YES;
				SDKROOT = iphoneos;
				SWIFT_ACTIVE_COMPILATION_CONDITIONS = DEBUG;
				SWIFT_OPTIMIZATION_LEVEL = "-Onone";
			};
			name = Debug;
		};
		8D779FD729A4A4CD00894357 /* Release */ = {
			isa = XCBuildConfiguration;
			buildSettings = {
				ALWAYS_SEARCH_USER_PATHS = NO;
				CLANG_ANALYZER_NONNULL = YES;
				CLANG_ANALYZER_NUMBER_OBJECT_CONVERSION = YES_AGGRESSIVE;
				CLANG_CXX_LANGUAGE_STANDARD = "gnu++20";
				CLANG_ENABLE_MODULES = YES;
				CLANG_ENABLE_OBJC_ARC = YES;
				CLANG_ENABLE_OBJC_WEAK = YES;
				CLANG_WARN_BLOCK_CAPTURE_AUTORELEASING = YES;
				CLANG_WARN_BOOL_CONVERSION = YES;
				CLANG_WARN_COMMA = YES;
				CLANG_WARN_CONSTANT_CONVERSION = YES;
				CLANG_WARN_DEPRECATED_OBJC_IMPLEMENTATIONS = YES;
				CLANG_WARN_DIRECT_OBJC_ISA_USAGE = YES_ERROR;
				CLANG_WARN_DOCUMENTATION_COMMENTS = YES;
				CLANG_WARN_EMPTY_BODY = YES;
				CLANG_WARN_ENUM_CONVERSION = YES;
				CLANG_WARN_INFINITE_RECURSION = YES;
				CLANG_WARN_INT_CONVERSION = YES;
				CLANG_WARN_NON_LITERAL_NULL_CONVERSION = YES;
				CLANG_WARN_OBJC_IMPLICIT_RETAIN_SELF = YES;
				CLANG_WARN_OBJC_LITERAL_CONVERSION = YES;
				CLANG_WARN_OBJC_ROOT_CLASS = YES_ERROR;
				CLANG_WARN_QUOTED_INCLUDE_IN_FRAMEWORK_HEADER = YES;
				CLANG_WARN_RANGE_LOOP_ANALYSIS = YES;
				CLANG_WARN_STRICT_PROTOTYPES = YES;
				CLANG_WARN_SUSPICIOUS_MOVE = YES;
				CLANG_WARN_UNGUARDED_AVAILABILITY = YES_AGGRESSIVE;
				CLANG_WARN_UNREACHABLE_CODE = YES;
				CLANG_WARN__DUPLICATE_METHOD_MATCH = YES;
				COPY_PHASE_STRIP = NO;
				DEBUG_INFORMATION_FORMAT = "dwarf-with-dsym";
				ENABLE_NS_ASSERTIONS = NO;
				ENABLE_STRICT_OBJC_MSGSEND = YES;
				GCC_C_LANGUAGE_STANDARD = gnu11;
				GCC_NO_COMMON_BLOCKS = YES;
				GCC_WARN_64_TO_32_BIT_CONVERSION = YES;
				GCC_WARN_ABOUT_RETURN_TYPE = YES_ERROR;
				GCC_WARN_UNDECLARED_SELECTOR = YES;
				GCC_WARN_UNINITIALIZED_AUTOS = YES_AGGRESSIVE;
				GCC_WARN_UNUSED_FUNCTION = YES;
				GCC_WARN_UNUSED_VARIABLE = YES;
				IPHONEOS_DEPLOYMENT_TARGET = 15.0;
				MTL_ENABLE_DEBUG_INFO = NO;
				MTL_FAST_MATH = YES;
				SDKROOT = iphoneos;
				SWIFT_COMPILATION_MODE = wholemodule;
				SWIFT_OPTIMIZATION_LEVEL = "-O";
				VALIDATE_PRODUCT = YES;
			};
			name = Release;
		};
		8D779FD929A4A4CD00894357 /* Debug */ = {
			isa = XCBuildConfiguration;
			buildSettings = {
				ASSETCATALOG_COMPILER_APPICON_NAME = AppIcon;
				ASSETCATALOG_COMPILER_GLOBAL_ACCENT_COLOR_NAME = AccentColor;
				CODE_SIGN_ENTITLEMENTS = "My Migraine Diary/My Migraine Diary.entitlements";
				CODE_SIGN_STYLE = Automatic;
				CURRENT_PROJECT_VERSION = 1;
				DEVELOPMENT_TEAM = 9A828DBKJV;
				GENERATE_INFOPLIST_FILE = YES;
				INFOPLIST_FILE = "My Migraine Diary/Info.plist";
				INFOPLIST_KEY_UIApplicationSupportsIndirectInputEvents = YES;
				INFOPLIST_KEY_UILaunchStoryboardName = LaunchScreen;
				INFOPLIST_KEY_UIMainStoryboardFile = Main;
				INFOPLIST_KEY_UIStatusBarStyle = UIStatusBarStyleDarkContent;
				INFOPLIST_KEY_UISupportedInterfaceOrientations = UIInterfaceOrientationPortrait;
				IPHONEOS_DEPLOYMENT_TARGET = 15.0;
				LD_RUNPATH_SEARCH_PATHS = (
					"$(inherited)",
					"@executable_path/Frameworks",
				);
				MARKETING_VERSION = 1.0;
				PRODUCT_BUNDLE_IDENTIFIER = "jubehuang.com.My-Migraine-Diary";
				PRODUCT_NAME = "$(TARGET_NAME)";
				SWIFT_EMIT_LOC_STRINGS = YES;
				SWIFT_VERSION = 5.0;
				TARGETED_DEVICE_FAMILY = "1,2";
			};
			name = Debug;
		};
		8D779FDA29A4A4CD00894357 /* Release */ = {
			isa = XCBuildConfiguration;
			buildSettings = {
				ASSETCATALOG_COMPILER_APPICON_NAME = AppIcon;
				ASSETCATALOG_COMPILER_GLOBAL_ACCENT_COLOR_NAME = AccentColor;
				CODE_SIGN_ENTITLEMENTS = "My Migraine Diary/My Migraine Diary.entitlements";
				CODE_SIGN_STYLE = Automatic;
				CURRENT_PROJECT_VERSION = 1;
				DEVELOPMENT_TEAM = 9A828DBKJV;
				GENERATE_INFOPLIST_FILE = YES;
				INFOPLIST_FILE = "My Migraine Diary/Info.plist";
				INFOPLIST_KEY_UIApplicationSupportsIndirectInputEvents = YES;
				INFOPLIST_KEY_UILaunchStoryboardName = LaunchScreen;
				INFOPLIST_KEY_UIMainStoryboardFile = Main;
				INFOPLIST_KEY_UIStatusBarStyle = UIStatusBarStyleDarkContent;
				INFOPLIST_KEY_UISupportedInterfaceOrientations = UIInterfaceOrientationPortrait;
				IPHONEOS_DEPLOYMENT_TARGET = 15.0;
				LD_RUNPATH_SEARCH_PATHS = (
					"$(inherited)",
					"@executable_path/Frameworks",
				);
				MARKETING_VERSION = 1.0;
				PRODUCT_BUNDLE_IDENTIFIER = "jubehuang.com.My-Migraine-Diary";
				PRODUCT_NAME = "$(TARGET_NAME)";
				SWIFT_EMIT_LOC_STRINGS = YES;
				SWIFT_VERSION = 5.0;
				TARGETED_DEVICE_FAMILY = "1,2";
			};
			name = Release;
		};
/* End XCBuildConfiguration section */

/* Begin XCConfigurationList section */
		8D779FBF29A4A4CC00894357 /* Build configuration list for PBXProject "My Migraine Diary" */ = {
			isa = XCConfigurationList;
			buildConfigurations = (
				8D779FD629A4A4CD00894357 /* Debug */,
				8D779FD729A4A4CD00894357 /* Release */,
			);
			defaultConfigurationIsVisible = 0;
			defaultConfigurationName = Release;
		};
		8D779FD829A4A4CD00894357 /* Build configuration list for PBXNativeTarget "My Migraine Diary" */ = {
			isa = XCConfigurationList;
			buildConfigurations = (
				8D779FD929A4A4CD00894357 /* Debug */,
				8D779FDA29A4A4CD00894357 /* Release */,
			);
			defaultConfigurationIsVisible = 0;
			defaultConfigurationName = Release;
		};
/* End XCConfigurationList section */

/* Begin XCRemoteSwiftPackageReference section */
		8D779FDD29A4A74900894357 /* XCRemoteSwiftPackageReference "firebase-ios-sdk" */ = {
			isa = XCRemoteSwiftPackageReference;
			repositoryURL = "https://github.com/firebase/firebase-ios-sdk";
			requirement = {
				kind = upToNextMajorVersion;
				minimumVersion = 10.5.0;
			};
		};
		8D796CA129A7681F003782F4 /* XCRemoteSwiftPackageReference "facebook-ios-sdk" */ = {
			isa = XCRemoteSwiftPackageReference;
			repositoryURL = "https://github.com/facebook/facebook-ios-sdk";
			requirement = {
				kind = upToNextMajorVersion;
				minimumVersion = 16.0.0;
			};
		};
		8D796CA529A778BD003782F4 /* XCRemoteSwiftPackageReference "GoogleSignIn-iOS" */ = {
			isa = XCRemoteSwiftPackageReference;
			repositoryURL = "https://github.com/google/GoogleSignIn-iOS";
			requirement = {
				kind = upToNextMajorVersion;
				minimumVersion = 7.0.0;
			};
		};
		8DC4274B29B70EE400514D99 /* XCRemoteSwiftPackageReference "Charts" */ = {
			isa = XCRemoteSwiftPackageReference;
			repositoryURL = "https://github.com/danielgindi/Charts";
			requirement = {
				kind = upToNextMajorVersion;
				minimumVersion = 4.0.0;
			};
		};
/* End XCRemoteSwiftPackageReference section */

/* Begin XCSwiftPackageProductDependency section */
		8D779FDE29A4A74900894357 /* FirebaseAuth */ = {
			isa = XCSwiftPackageProductDependency;
			package = 8D779FDD29A4A74900894357 /* XCRemoteSwiftPackageReference "firebase-ios-sdk" */;
			productName = FirebaseAuth;
		};
		8D779FE029A4A74900894357 /* FirebaseFirestoreSwift */ = {
			isa = XCSwiftPackageProductDependency;
			package = 8D779FDD29A4A74900894357 /* XCRemoteSwiftPackageReference "firebase-ios-sdk" */;
			productName = FirebaseFirestoreSwift;
		};
		8D779FE229A4A74900894357 /* FirebaseStorage */ = {
			isa = XCSwiftPackageProductDependency;
			package = 8D779FDD29A4A74900894357 /* XCRemoteSwiftPackageReference "firebase-ios-sdk" */;
			productName = FirebaseStorage;
		};
		8D796CA229A7681F003782F4 /* FacebookLogin */ = {
			isa = XCSwiftPackageProductDependency;
			package = 8D796CA129A7681F003782F4 /* XCRemoteSwiftPackageReference "facebook-ios-sdk" */;
			productName = FacebookLogin;
		};
		8D796CA629A778BD003782F4 /* GoogleSignIn */ = {
			isa = XCSwiftPackageProductDependency;
			package = 8D796CA529A778BD003782F4 /* XCRemoteSwiftPackageReference "GoogleSignIn-iOS" */;
			productName = GoogleSignIn;
		};
		8DC4274C29B70EE400514D99 /* Charts */ = {
			isa = XCSwiftPackageProductDependency;
			package = 8DC4274B29B70EE400514D99 /* XCRemoteSwiftPackageReference "Charts" */;
			productName = Charts;
		};
/* End XCSwiftPackageProductDependency section */

/* Begin XCVersionGroup section */
		8D85DC3E29C5B98200F44B24 /* MyMigraineDiary.xcdatamodeld */ = {
			isa = XCVersionGroup;
			children = (
				8D85DC3F29C5B98200F44B24 /* MyMigraineDiary.xcdatamodel */,
			);
			currentVersion = 8D85DC3F29C5B98200F44B24 /* MyMigraineDiary.xcdatamodel */;
			path = MyMigraineDiary.xcdatamodeld;
			sourceTree = "<group>";
			versionGroupType = wrapper.xcdatamodel;
		};
/* End XCVersionGroup section */
	};
	rootObject = 8D779FBC29A4A4CC00894357 /* Project object */;
}
